<?xml version="1.0" encoding="utf-8"?>
<Project ToolsVersion="4.0" xmlns="http://schemas.microsoft.com/developer/msbuild/2003">
  <ItemGroup>
    <Filter Include="Source Files">
      <UniqueIdentifier>{4FC737F1-C7A5-4376-A066-2A32D752A2FF}</UniqueIdentifier>
      <Extensions>cpp;c;cc;cxx;def;odl;idl;hpj;bat;asm;asmx</Extensions>
    </Filter>
    <Filter Include="Header Files">
      <UniqueIdentifier>{93995380-89BD-4b04-88EB-625FBE52EBFB}</UniqueIdentifier>
      <Extensions>h;hpp;hxx;hm;inl;inc;xsd</Extensions>
    </Filter>
    <Filter Include="Resource Files">
      <UniqueIdentifier>{67DA6AB6-F800-4c08-8B7A-83BB121AAD01}</UniqueIdentifier>
      <Extensions>rc;ico;cur;bmp;dlg;rc2;rct;bin;rgs;gif;jpg;jpeg;jpe;resx;tiff;tif;png;wav;mfcribbon-ms</Extensions>
    </Filter>
  </ItemGroup>
  <ItemGroup>
    <None Include="ReadMe.txt" />
  </ItemGroup>
  <ItemGroup>
    <ClInclude Include="..\..\..\hpp\preprocessing_chemkin\OpenSMOKE_CHEMKINInterpreter.h">
      <Filter>Header Files</Filter>
    </ClInclude>
    <ClInclude Include="..\..\..\hpp\preprocessing_chemkin\OpenSMOKE_CHEMKINInterpreter_ElementsData.h">
      <Filter>Header Files</Filter>
    </ClInclude>
    <ClInclude Include="..\..\..\hpp\preprocessing_chemkin\OpenSMOKE_CHEMKINInterpreter_KineticsData.h">
      <Filter>Header Files</Filter>
    </ClInclude>
    <ClInclude Include="..\..\..\hpp\preprocessing_chemkin\OpenSMOKE_CHEMKINInterpreter_ReactionData.h">
      <Filter>Header Files</Filter>
    </ClInclude>
    <ClInclude Include="..\..\..\hpp\preprocessing_chemkin\OpenSMOKE_CHEMKINInterpreter_SpeciesData.h">
      <Filter>Header Files</Filter>
    </ClInclude>
    <ClInclude Include="..\..\..\hpp\preprocessing_chemkin\OpenSMOKE_CHEMKINInterpreter_SurfaceKineticsData.h">
      <Filter>Header Files</Filter>
    </ClInclude>
    <ClInclude Include="..\..\..\hpp\preprocessing_chemkin\OpenSMOKE_CHEMKINInterpreter_SurfaceReactionData.h">
      <Filter>Header Files</Filter>
    </ClInclude>
    <ClInclude Include="..\..\..\hpp\preprocessing_chemkin\OpenSMOKE_CHEMKINInterpreter_ThermoData.h">
      <Filter>Header Files</Filter>
    </ClInclude>
    <ClInclude Include="..\..\..\hpp\preprocessing_chemkin\OpenSMOKE_CHEMKINInterpreter_ThermoSpecies.h">
      <Filter>Header Files</Filter>
    </ClInclude>
    <ClInclude Include="..\..\..\hpp\preprocessing_chemkin\OpenSMOKE_CHEMKINInterpreter_TransportData.h">
      <Filter>Header Files</Filter>
    </ClInclude>
    <ClInclude Include="..\..\..\hpp\preprocessing_chemkin\OpenSMOKE_CHEMKINInterpreter_TransportSpecies.h">
      <Filter>Header Files</Filter>
    </ClInclude>
    <ClInclude Include="..\..\..\hpp\preprocessing_chemkin\OpenSMOKE_CHEMKINInterpreter_UnitsData.h">
      <Filter>Header Files</Filter>
    </ClInclude>
  </ItemGroup>
  <ItemGroup>
    <ClCompile Include="..\..\..\cpp\preprocessing_chemkin\OpenSMOKE_CHEMKINInterpreter.cpp">
      <Filter>Source Files</Filter>
    </ClCompile>
    <ClCompile Include="..\..\..\cpp\preprocessing_chemkin\OpenSMOKE_CHEMKINInterpreter_ElementsData.cpp">
      <Filter>Source Files</Filter>
    </ClCompile>
    <ClCompile Include="..\..\..\cpp\preprocessing_chemkin\OpenSMOKE_CHEMKINInterpreter_KineticsData.cpp">
      <Filter>Source Files</Filter>
    </ClCompile>
    <ClCompile Include="..\..\..\cpp\preprocessing_chemkin\OpenSMOKE_CHEMKINInterpreter_ReactionData.cpp">
      <Filter>Source Files</Filter>
    </ClCompile>
    <ClCompile Include="..\..\..\cpp\preprocessing_chemkin\OpenSMOKE_CHEMKINInterpreter_SpeciesData.cpp">
      <Filter>Source Files</Filter>
    </ClCompile>
    <ClCompile Include="..\..\..\cpp\preprocessing_chemkin\OpenSMOKE_CHEMKINInterpreter_SurfaceKineticsData.cpp">
      <Filter>Source Files</Filter>
    </ClCompile>
    <ClCompile Include="..\..\..\cpp\preprocessing_chemkin\OpenSMOKE_CHEMKINInterpreter_SurfaceReactionData.cpp">
      <Filter>Source Files</Filter>
    </ClCompile>
    <ClCompile Include="..\..\..\cpp\preprocessing_chemkin\OpenSMOKE_CHEMKINInterpreter_ThermoData.cpp">
      <Filter>Source Files</Filter>
    </ClCompile>
    <ClCompile Include="..\..\..\cpp\preprocessing_chemkin\OpenSMOKE_CHEMKINInterpreter_ThermoSpecies.cpp">
      <Filter>Source Files</Filter>
    </ClCompile>
    <ClCompile Include="..\..\..\cpp\preprocessing_chemkin\OpenSMOKE_CHEMKINInterpreter_TransportData.cpp">
      <Filter>Source Files</Filter>
    </ClCompile>
    <ClCompile Include="..\..\..\cpp\preprocessing_chemkin\OpenSMOKE_CHEMKINInterpreter_TransportSpecies.cpp">
      <Filter>Source Files</Filter>
    </ClCompile>
    <ClCompile Include="..\..\..\cpp\preprocessing_chemkin\OpenSMOKE_CHEMKINInterpreter_UnitsData.cpp">
      <Filter>Source Files</Filter>
    </ClCompile>
  </ItemGroup>
</Project>