
Microsoft Visual Studio Solution File, Format Version 12.00
# Visual Studio 2012
Project("{8BC9CEB8-8B4A-11D0-8D11-00A0C91BC942}") = "OpenSMOKE_PFR", "OpenSMOKE_PFR\OpenSMOKE_PFR.vcxproj", "{A7EE77CB-8B02-446D-820B-D5D9D69ED462}"
EndProject
Project("{8BC9CEB8-8B4A-11D0-8D11-00A0C91BC942}") = "OpenSMOKE_PSR", "OpenSMOKE_PSR\OpenSMOKE_PSR.vcxproj", "{9DB01043-08EB-4C05-95D4-2507C3C1E4A3}"
EndProject
Project("{8BC9CEB8-8B4A-11D0-8D11-00A0C91BC942}") = "OpenSMOKE_ShockTube", "OpenSMOKE_ShockTube\OpenSMOKE_ShockTube.vcxproj", "{631FFB19-9925-4C24-A463-39B7E24A7568}"
EndProject
Project("{8BC9CEB8-8B4A-11D0-8D11-00A0C91BC942}") = "OpenSMOKE_Batch", "OpenSMOKE_Batch\OpenSMOKE_Batch.vcxproj", "{DF85FB3A-1DA1-42E9-9C84-1811333569BE}"
EndProject
Project("{8BC9CEB8-8B4A-11D0-8D11-00A0C91BC942}") = "OpenSMOKE_LaminarFlame1D", "OpenSMOKE_LaminarFlame1D\OpenSMOKE_LaminarFlame1D.vcxproj", "{3883E3C1-9045-44B2-AA4E-780F809B8957}"
EndProject
Project("{8BC9CEB8-8B4A-11D0-8D11-00A0C91BC942}") = "OpenSMOKE_CHEMKINInterpreter", "OpenSMOKE_CHEMKINInterpreter\OpenSMOKE_CHEMKINInterpreter.vcxproj", "{7AEDDB3E-43A3-4CA1-A3E4-CE4EC87FD0BC}"
EndProject
Project("{8BC9CEB8-8B4A-11D0-8D11-00A0C91BC942}") = "OpenSMOKE_Flamelets", "OpenSMOKE_Flamelets\OpenSMOKE_Flamelets.vcxproj", "{A6CA44AF-41C8-4212-BB7D-F2CEF8E52C91}"
EndProject
Project("{8BC9CEB8-8B4A-11D0-8D11-00A0C91BC942}") = "OpenSMOKE_LookUpTables", "OpenSMOKE_LookUpTables\OpenSMOKE_LookUpTables.vcxproj", "{566DEF7A-5ABE-49F5-9DD2-022245F60A30}"
EndProject
Project("{8BC9CEB8-8B4A-11D0-8D11-00A0C91BC942}") = "OpenSMOKE_KPP_Classic", "OpenSMOKE_KPP_Classic\OpenSMOKE_KPP_Classic.vcxproj", "{5A3CDCB7-D6DB-49E7-80EF-9FFB9F76F7BB}"
EndProject
Project("{8BC9CEB8-8B4A-11D0-8D11-00A0C91BC942}") = "OpenSMOKE_KPP_Splitting", "OpenSMOKE_KPP_Splitting\OpenSMOKE_KPP_Splitting.vcxproj", "{05CFF619-BD2D-4205-8081-C56B64B099F7}"
EndProject
Project("{8BC9CEB8-8B4A-11D0-8D11-00A0C91BC942}") = "OpenSMOKE_Equilibrium", "OpenSMOKE_Equilibrium\OpenSMOKE_Equilibrium.vcxproj", "{5ED6AC20-9675-4C4D-9254-8A4726CD40F2}"
EndProject
Project("{8BC9CEB8-8B4A-11D0-8D11-00A0C91BC942}") = "OpenSMOKE_InverseKinetics", "OpenSMOKE_InverseKinetics\OpenSMOKE_InverseKinetics.vcxproj", "{6FFCD2FF-B2B8-4698-AB53-F7502E5889FA}"
EndProject
Project("{8BC9CEB8-8B4A-11D0-8D11-00A0C91BC942}") = "OpenSMOKE_Optimizer", "OpenSMOKE_Optimizer\OpenSMOKE_Optimizer.vcxproj", "{833A2B7C-3ECE-47F9-9278-24123EB68BB1}"
EndProject
Global
	GlobalSection(SolutionConfigurationPlatforms) = preSolution
		Debug|Mixed Platforms = Debug|Mixed Platforms
		Debug|Win32 = Debug|Win32
		Debug|x64 = Debug|x64
		Release|Mixed Platforms = Release|Mixed Platforms
		Release|Win32 = Release|Win32
		Release|x64 = Release|x64
	EndGlobalSection
	GlobalSection(ProjectConfigurationPlatforms) = postSolution
		{A7EE77CB-8B02-446D-820B-D5D9D69ED462}.Debug|Mixed Platforms.ActiveCfg = Debug|Win32
		{A7EE77CB-8B02-446D-820B-D5D9D69ED462}.Debug|Mixed Platforms.Build.0 = Debug|Win32
		{A7EE77CB-8B02-446D-820B-D5D9D69ED462}.Debug|Win32.ActiveCfg = Debug|Win32
		{A7EE77CB-8B02-446D-820B-D5D9D69ED462}.Debug|Win32.Build.0 = Debug|Win32
		{A7EE77CB-8B02-446D-820B-D5D9D69ED462}.Debug|x64.ActiveCfg = Debug|x64
		{A7EE77CB-8B02-446D-820B-D5D9D69ED462}.Debug|x64.Build.0 = Debug|x64
		{A7EE77CB-8B02-446D-820B-D5D9D69ED462}.Release|Mixed Platforms.ActiveCfg = Release|Win32
		{A7EE77CB-8B02-446D-820B-D5D9D69ED462}.Release|Mixed Platforms.Build.0 = Release|Win32
		{A7EE77CB-8B02-446D-820B-D5D9D69ED462}.Release|Win32.ActiveCfg = Release|Win32
		{A7EE77CB-8B02-446D-820B-D5D9D69ED462}.Release|Win32.Build.0 = Release|Win32
		{A7EE77CB-8B02-446D-820B-D5D9D69ED462}.Release|x64.ActiveCfg = Release|x64
		{A7EE77CB-8B02-446D-820B-D5D9D69ED462}.Release|x64.Build.0 = Release|x64
		{9DB01043-08EB-4C05-95D4-2507C3C1E4A3}.Debug|Mixed Platforms.ActiveCfg = Debug|Win32
		{9DB01043-08EB-4C05-95D4-2507C3C1E4A3}.Debug|Mixed Platforms.Build.0 = Debug|Win32
		{9DB01043-08EB-4C05-95D4-2507C3C1E4A3}.Debug|Win32.ActiveCfg = Debug|x64
		{9DB01043-08EB-4C05-95D4-2507C3C1E4A3}.Debug|Win32.Build.0 = Debug|x64
		{9DB01043-08EB-4C05-95D4-2507C3C1E4A3}.Debug|x64.ActiveCfg = Debug|x64
		{9DB01043-08EB-4C05-95D4-2507C3C1E4A3}.Debug|x64.Build.0 = Debug|x64
		{9DB01043-08EB-4C05-95D4-2507C3C1E4A3}.Release|Mixed Platforms.ActiveCfg = Release|Win32
		{9DB01043-08EB-4C05-95D4-2507C3C1E4A3}.Release|Mixed Platforms.Build.0 = Release|Win32
		{9DB01043-08EB-4C05-95D4-2507C3C1E4A3}.Release|Win32.ActiveCfg = Release|Win32
		{9DB01043-08EB-4C05-95D4-2507C3C1E4A3}.Release|Win32.Build.0 = Release|Win32
		{9DB01043-08EB-4C05-95D4-2507C3C1E4A3}.Release|x64.ActiveCfg = Release|x64
		{9DB01043-08EB-4C05-95D4-2507C3C1E4A3}.Release|x64.Build.0 = Release|x64
		{631FFB19-9925-4C24-A463-39B7E24A7568}.Debug|Mixed Platforms.ActiveCfg = Debug|Win32
		{631FFB19-9925-4C24-A463-39B7E24A7568}.Debug|Mixed Platforms.Build.0 = Debug|Win32
		{631FFB19-9925-4C24-A463-39B7E24A7568}.Debug|Win32.ActiveCfg = Debug|Win32
		{631FFB19-9925-4C24-A463-39B7E24A7568}.Debug|Win32.Build.0 = Debug|Win32
		{631FFB19-9925-4C24-A463-39B7E24A7568}.Debug|x64.ActiveCfg = Debug|x64
		{631FFB19-9925-4C24-A463-39B7E24A7568}.Debug|x64.Build.0 = Debug|x64
		{631FFB19-9925-4C24-A463-39B7E24A7568}.Release|Mixed Platforms.ActiveCfg = Release|Win32
		{631FFB19-9925-4C24-A463-39B7E24A7568}.Release|Mixed Platforms.Build.0 = Release|Win32
		{631FFB19-9925-4C24-A463-39B7E24A7568}.Release|Win32.ActiveCfg = Release|Win32
		{631FFB19-9925-4C24-A463-39B7E24A7568}.Release|Win32.Build.0 = Release|Win32
		{631FFB19-9925-4C24-A463-39B7E24A7568}.Release|x64.ActiveCfg = Release|x64
		{631FFB19-9925-4C24-A463-39B7E24A7568}.Release|x64.Build.0 = Release|x64
		{DF85FB3A-1DA1-42E9-9C84-1811333569BE}.Debug|Mixed Platforms.ActiveCfg = Debug|Win32
		{DF85FB3A-1DA1-42E9-9C84-1811333569BE}.Debug|Mixed Platforms.Build.0 = Debug|Win32
		{DF85FB3A-1DA1-42E9-9C84-1811333569BE}.Debug|Win32.ActiveCfg = Debug|x64
		{DF85FB3A-1DA1-42E9-9C84-1811333569BE}.Debug|Win32.Build.0 = Debug|x64
		{DF85FB3A-1DA1-42E9-9C84-1811333569BE}.Debug|x64.ActiveCfg = Debug|x64
		{DF85FB3A-1DA1-42E9-9C84-1811333569BE}.Debug|x64.Build.0 = Debug|x64
		{DF85FB3A-1DA1-42E9-9C84-1811333569BE}.Release|Mixed Platforms.ActiveCfg = Release|Win32
		{DF85FB3A-1DA1-42E9-9C84-1811333569BE}.Release|Mixed Platforms.Build.0 = Release|Win32
		{DF85FB3A-1DA1-42E9-9C84-1811333569BE}.Release|Win32.ActiveCfg = Release|Win32
		{DF85FB3A-1DA1-42E9-9C84-1811333569BE}.Release|Win32.Build.0 = Release|Win32
		{DF85FB3A-1DA1-42E9-9C84-1811333569BE}.Release|x64.ActiveCfg = Release|x64
		{DF85FB3A-1DA1-42E9-9C84-1811333569BE}.Release|x64.Build.0 = Release|x64
		{3883E3C1-9045-44B2-AA4E-780F809B8957}.Debug|Mixed Platforms.ActiveCfg = Debug|Win32
		{3883E3C1-9045-44B2-AA4E-780F809B8957}.Debug|Mixed Platforms.Build.0 = Debug|Win32
		{3883E3C1-9045-44B2-AA4E-780F809B8957}.Debug|Win32.ActiveCfg = Debug|x64
		{3883E3C1-9045-44B2-AA4E-780F809B8957}.Debug|Win32.Build.0 = Debug|x64
		{3883E3C1-9045-44B2-AA4E-780F809B8957}.Debug|x64.ActiveCfg = Debug|x64
		{3883E3C1-9045-44B2-AA4E-780F809B8957}.Debug|x64.Build.0 = Debug|x64
		{3883E3C1-9045-44B2-AA4E-780F809B8957}.Release|Mixed Platforms.ActiveCfg = Release|Win32
		{3883E3C1-9045-44B2-AA4E-780F809B8957}.Release|Mixed Platforms.Build.0 = Release|Win32
		{3883E3C1-9045-44B2-AA4E-780F809B8957}.Release|Win32.ActiveCfg = Release|Win32
		{3883E3C1-9045-44B2-AA4E-780F809B8957}.Release|Win32.Build.0 = Release|Win32
		{3883E3C1-9045-44B2-AA4E-780F809B8957}.Release|x64.ActiveCfg = Release|x64
		{3883E3C1-9045-44B2-AA4E-780F809B8957}.Release|x64.Build.0 = Release|x64
		{7AEDDB3E-43A3-4CA1-A3E4-CE4EC87FD0BC}.Debug|Mixed Platforms.ActiveCfg = Debug|Win32
		{7AEDDB3E-43A3-4CA1-A3E4-CE4EC87FD0BC}.Debug|Mixed Platforms.Build.0 = Debug|Win32
		{7AEDDB3E-43A3-4CA1-A3E4-CE4EC87FD0BC}.Debug|Win32.ActiveCfg = Debug|x64
		{7AEDDB3E-43A3-4CA1-A3E4-CE4EC87FD0BC}.Debug|Win32.Build.0 = Debug|x64
		{7AEDDB3E-43A3-4CA1-A3E4-CE4EC87FD0BC}.Debug|x64.ActiveCfg = Debug|x64
		{7AEDDB3E-43A3-4CA1-A3E4-CE4EC87FD0BC}.Debug|x64.Build.0 = Debug|x64
		{7AEDDB3E-43A3-4CA1-A3E4-CE4EC87FD0BC}.Release|Mixed Platforms.ActiveCfg = Release|Win32
		{7AEDDB3E-43A3-4CA1-A3E4-CE4EC87FD0BC}.Release|Mixed Platforms.Build.0 = Release|Win32
		{7AEDDB3E-43A3-4CA1-A3E4-CE4EC87FD0BC}.Release|Win32.ActiveCfg = Release|Win32
		{7AEDDB3E-43A3-4CA1-A3E4-CE4EC87FD0BC}.Release|Win32.Build.0 = Release|Win32
		{7AEDDB3E-43A3-4CA1-A3E4-CE4EC87FD0BC}.Release|x64.ActiveCfg = Release|x64
		{7AEDDB3E-43A3-4CA1-A3E4-CE4EC87FD0BC}.Release|x64.Build.0 = Release|x64
		{A6CA44AF-41C8-4212-BB7D-F2CEF8E52C91}.Debug|Mixed Platforms.ActiveCfg = Debug|Win32
		{A6CA44AF-41C8-4212-BB7D-F2CEF8E52C91}.Debug|Mixed Platforms.Build.0 = Debug|Win32
		{A6CA44AF-41C8-4212-BB7D-F2CEF8E52C91}.Debug|Win32.ActiveCfg = Debug|Win32
		{A6CA44AF-41C8-4212-BB7D-F2CEF8E52C91}.Debug|Win32.Build.0 = Debug|Win32
		{A6CA44AF-41C8-4212-BB7D-F2CEF8E52C91}.Debug|x64.ActiveCfg = Debug|Win32
		{A6CA44AF-41C8-4212-BB7D-F2CEF8E52C91}.Release|Mixed Platforms.ActiveCfg = Release|Win32
		{A6CA44AF-41C8-4212-BB7D-F2CEF8E52C91}.Release|Mixed Platforms.Build.0 = Release|Win32
		{A6CA44AF-41C8-4212-BB7D-F2CEF8E52C91}.Release|Win32.ActiveCfg = Release|Win32
		{A6CA44AF-41C8-4212-BB7D-F2CEF8E52C91}.Release|Win32.Build.0 = Release|Win32
		{A6CA44AF-41C8-4212-BB7D-F2CEF8E52C91}.Release|x64.ActiveCfg = Release|x64
		{566DEF7A-5ABE-49F5-9DD2-022245F60A30}.Debug|Mixed Platforms.ActiveCfg = Debug|Win32
		{566DEF7A-5ABE-49F5-9DD2-022245F60A30}.Debug|Mixed Platforms.Build.0 = Debug|Win32
		{566DEF7A-5ABE-49F5-9DD2-022245F60A30}.Debug|Win32.ActiveCfg = Debug|Win32
		{566DEF7A-5ABE-49F5-9DD2-022245F60A30}.Debug|Win32.Build.0 = Debug|Win32
		{566DEF7A-5ABE-49F5-9DD2-022245F60A30}.Debug|x64.ActiveCfg = Debug|Win32
		{566DEF7A-5ABE-49F5-9DD2-022245F60A30}.Release|Mixed Platforms.ActiveCfg = Release|Win32
		{566DEF7A-5ABE-49F5-9DD2-022245F60A30}.Release|Mixed Platforms.Build.0 = Release|Win32
		{566DEF7A-5ABE-49F5-9DD2-022245F60A30}.Release|Win32.ActiveCfg = Release|Win32
		{566DEF7A-5ABE-49F5-9DD2-022245F60A30}.Release|Win32.Build.0 = Release|Win32
		{566DEF7A-5ABE-49F5-9DD2-022245F60A30}.Release|x64.ActiveCfg = Release|x64
		{5A3CDCB7-D6DB-49E7-80EF-9FFB9F76F7BB}.Debug|Mixed Platforms.ActiveCfg = Debug|Win32
		{5A3CDCB7-D6DB-49E7-80EF-9FFB9F76F7BB}.Debug|Mixed Platforms.Build.0 = Debug|Win32
		{5A3CDCB7-D6DB-49E7-80EF-9FFB9F76F7BB}.Debug|Win32.ActiveCfg = Debug|Win32
		{5A3CDCB7-D6DB-49E7-80EF-9FFB9F76F7BB}.Debug|Win32.Build.0 = Debug|Win32
		{5A3CDCB7-D6DB-49E7-80EF-9FFB9F76F7BB}.Debug|x64.ActiveCfg = Debug|Win32
		{5A3CDCB7-D6DB-49E7-80EF-9FFB9F76F7BB}.Release|Mixed Platforms.ActiveCfg = Release|Win32
		{5A3CDCB7-D6DB-49E7-80EF-9FFB9F76F7BB}.Release|Mixed Platforms.Build.0 = Release|Win32
		{5A3CDCB7-D6DB-49E7-80EF-9FFB9F76F7BB}.Release|Win32.ActiveCfg = Release|Win32
		{5A3CDCB7-D6DB-49E7-80EF-9FFB9F76F7BB}.Release|Win32.Build.0 = Release|Win32
		{5A3CDCB7-D6DB-49E7-80EF-9FFB9F76F7BB}.Release|x64.ActiveCfg = Release|x64
		{05CFF619-BD2D-4205-8081-C56B64B099F7}.Debug|Mixed Platforms.ActiveCfg = Debug|Win32
		{05CFF619-BD2D-4205-8081-C56B64B099F7}.Debug|Mixed Platforms.Build.0 = Debug|Win32
		{05CFF619-BD2D-4205-8081-C56B64B099F7}.Debug|Win32.ActiveCfg = Debug|Win32
		{05CFF619-BD2D-4205-8081-C56B64B099F7}.Debug|Win32.Build.0 = Debug|Win32
		{05CFF619-BD2D-4205-8081-C56B64B099F7}.Debug|x64.ActiveCfg = Debug|Win32
		{05CFF619-BD2D-4205-8081-C56B64B099F7}.Release|Mixed Platforms.ActiveCfg = Release|Win32
		{05CFF619-BD2D-4205-8081-C56B64B099F7}.Release|Mixed Platforms.Build.0 = Release|Win32
		{05CFF619-BD2D-4205-8081-C56B64B099F7}.Release|Win32.ActiveCfg = Release|Win32
		{05CFF619-BD2D-4205-8081-C56B64B099F7}.Release|Win32.Build.0 = Release|Win32
		{05CFF619-BD2D-4205-8081-C56B64B099F7}.Release|x64.ActiveCfg = Release|x64
		{5ED6AC20-9675-4C4D-9254-8A4726CD40F2}.Debug|Mixed Platforms.ActiveCfg = Debug|Win32
		{5ED6AC20-9675-4C4D-9254-8A4726CD40F2}.Debug|Mixed Platforms.Build.0 = Debug|Win32
		{5ED6AC20-9675-4C4D-9254-8A4726CD40F2}.Debug|Win32.ActiveCfg = Debug|Win32
		{5ED6AC20-9675-4C4D-9254-8A4726CD40F2}.Debug|Win32.Build.0 = Debug|Win32
		{5ED6AC20-9675-4C4D-9254-8A4726CD40F2}.Debug|x64.ActiveCfg = Debug|Win32
		{5ED6AC20-9675-4C4D-9254-8A4726CD40F2}.Release|Mixed Platforms.ActiveCfg = Release|Win32
		{5ED6AC20-9675-4C4D-9254-8A4726CD40F2}.Release|Mixed Platforms.Build.0 = Release|Win32
		{5ED6AC20-9675-4C4D-9254-8A4726CD40F2}.Release|Win32.ActiveCfg = Release|Win32
		{5ED6AC20-9675-4C4D-9254-8A4726CD40F2}.Release|Win32.Build.0 = Release|Win32
		{5ED6AC20-9675-4C4D-9254-8A4726CD40F2}.Release|x64.ActiveCfg = Release|x64
		{6FFCD2FF-B2B8-4698-AB53-F7502E5889FA}.Debug|Mixed Platforms.ActiveCfg = Debug|Win32
		{6FFCD2FF-B2B8-4698-AB53-F7502E5889FA}.Debug|Mixed Platforms.Build.0 = Debug|Win32
		{6FFCD2FF-B2B8-4698-AB53-F7502E5889FA}.Debug|Win32.ActiveCfg = Debug|Win32
		{6FFCD2FF-B2B8-4698-AB53-F7502E5889FA}.Debug|Win32.Build.0 = Debug|Win32
		{6FFCD2FF-B2B8-4698-AB53-F7502E5889FA}.Debug|x64.ActiveCfg = Debug|Win32
		{6FFCD2FF-B2B8-4698-AB53-F7502E5889FA}.Release|Mixed Platforms.ActiveCfg = Release|Win32
		{6FFCD2FF-B2B8-4698-AB53-F7502E5889FA}.Release|Mixed Platforms.Build.0 = Release|Win32
		{6FFCD2FF-B2B8-4698-AB53-F7502E5889FA}.Release|Win32.ActiveCfg = Release|Win32
		{6FFCD2FF-B2B8-4698-AB53-F7502E5889FA}.Release|Win32.Build.0 = Release|Win32
		{6FFCD2FF-B2B8-4698-AB53-F7502E5889FA}.Release|x64.ActiveCfg = Release|Win32
		{833A2B7C-3ECE-47F9-9278-24123EB68BB1}.Debug|Mixed Platforms.ActiveCfg = Debug|Win32
		{833A2B7C-3ECE-47F9-9278-24123EB68BB1}.Debug|Mixed Platforms.Build.0 = Debug|Win32
		{833A2B7C-3ECE-47F9-9278-24123EB68BB1}.Debug|Win32.ActiveCfg = Debug|Win32
		{833A2B7C-3ECE-47F9-9278-24123EB68BB1}.Debug|Win32.Build.0 = Debug|Win32
		{833A2B7C-3ECE-47F9-9278-24123EB68BB1}.Debug|x64.ActiveCfg = Debug|Win32
		{833A2B7C-3ECE-47F9-9278-24123EB68BB1}.Release|Mixed Platforms.ActiveCfg = Release|Win32
		{833A2B7C-3ECE-47F9-9278-24123EB68BB1}.Release|Mixed Platforms.Build.0 = Release|Win32
		{833A2B7C-3ECE-47F9-9278-24123EB68BB1}.Release|Win32.ActiveCfg = Release|Win32
		{833A2B7C-3ECE-47F9-9278-24123EB68BB1}.Release|Win32.Build.0 = Release|Win32
		{833A2B7C-3ECE-47F9-9278-24123EB68BB1}.Release|x64.ActiveCfg = Release|Win32
	EndGlobalSection
	GlobalSection(SolutionProperties) = preSolution
		HideSolutionNode = FALSE
	EndGlobalSection
EndGlobal
